
Microsoft Visual Studio Solution File, Format Version 12.00
# Visual Studio Version 16
VisualStudioVersion = 16.0.32106.194
MinimumVisualStudioVersion = 10.0.40219.1
Project("{FAE04EC0-301F-11D3-BF4B-00C04F79EFBC}") = "Snork.SampleApplication", "src\Snork.SampleApplication\Snork.SampleApplication.csproj", "{4D952A34-EB0A-4B26-ABC2-A58BB04BB1D6}"
EndProject
Project("{FAE04EC0-301F-11D3-BF4B-00C04F79EFBC}") = "Snork.SerializableMail", "src\Snork.SerializableMail\Snork.SerializableMail.csproj", "{B4509323-1907-4201-8F5C-0086A9DC8EE2}"
EndProject
Project("{FAE04EC0-301F-11D3-BF4B-00C04F79EFBC}") = "Snork.SerializableMail.Tests", "src\Snork.SerializableMail.Tests\Snork.SerializableMail.Tests.csproj", "{335AC9D5-CD55-417A-B700-469046AF0C47}"
EndProject
Project("{2150E333-8FDC-42A3-9474-1A3956D46DE8}") = "Documents", "Documents", "{EEBF7428-0C45-4620-8F85-9C5C75D198C5}"
	ProjectSection(SolutionItems) = preProject
		LICENSE.MD = LICENSE.MD
		README.md = README.md
		nuspecs\Snork.SerializableMail.nuspec = nuspecs\Snork.SerializableMail.nuspec
	EndProjectSection
EndProject
Global
	GlobalSection(SolutionConfigurationPlatforms) = preSolution
		Debug|Any CPU = Debug|Any CPU
		Release|Any CPU = Release|Any CPU
	EndGlobalSection
	GlobalSection(ProjectConfigurationPlatforms) = postSolution
		{4D952A34-EB0A-4B26-ABC2-A58BB04BB1D6}.Debug|Any CPU.ActiveCfg = Debug|Any CPU
		{4D952A34-EB0A-4B26-ABC2-A58BB04BB1D6}.Debug|Any CPU.Build.0 = Debug|Any CPU
		{4D952A34-EB0A-4B26-ABC2-A58BB04BB1D6}.Release|Any CPU.ActiveCfg = Release|Any CPU
		{4D952A34-EB0A-4B26-ABC2-A58BB04BB1D6}.Release|Any CPU.Build.0 = Release|Any CPU
		{B4509323-1907-4201-8F5C-0086A9DC8EE2}.Debug|Any CPU.ActiveCfg = Debug|Any CPU
		{B4509323-1907-4201-8F5C-0086A9DC8EE2}.Debug|Any CPU.Build.0 = Debug|Any CPU
		{B4509323-1907-4201-8F5C-0086A9DC8EE2}.Release|Any CPU.ActiveCfg = Release|Any CPU
		{B4509323-1907-4201-8F5C-0086A9DC8EE2}.Release|Any CPU.Build.0 = Release|Any CPU
		{335AC9D5-CD55-417A-B700-469046AF0C47}.Debug|Any CPU.ActiveCfg = Debug|Any CPU
		{335AC9D5-CD55-417A-B700-469046AF0C47}.Debug|Any CPU.Build.0 = Debug|Any CPU
		{335AC9D5-CD55-417A-B700-469046AF0C47}.Release|Any CPU.ActiveCfg = Release|Any CPU
		{335AC9D5-CD55-417A-B700-469046AF0C47}.Release|Any CPU.Build.0 = Release|Any CPU
	EndGlobalSection
	GlobalSection(SolutionProperties) = preSolution
		HideSolutionNode = FALSE
	EndGlobalSection
	GlobalSection(ExtensibilityGlobals) = postSolution
		SolutionGuid = {897D8782-1560-49A4-9E00-EF5286A5CA9E}
	EndGlobalSection
EndGlobal
